// !$*UTF8*$!
{
	archiveVersion = 1;
	classes = {
	};
	objectVersion = 50;
	objects = {

/* Begin PBXBuildFile section */
		6491AC8A2584DBF4009FF108 /* AppDelegate.swift in Sources */ = {isa = PBXBuildFile; fileRef = 6491AC892584DBF4009FF108 /* AppDelegate.swift */; };
		6491AC8C2584DBF4009FF108 /* SceneDelegate.swift in Sources */ = {isa = PBXBuildFile; fileRef = 6491AC8B2584DBF4009FF108 /* SceneDelegate.swift */; };
		6491AC8E2584DBF4009FF108 /* ViewController.swift in Sources */ = {isa = PBXBuildFile; fileRef = 6491AC8D2584DBF4009FF108 /* ViewController.swift */; };
		6491AC912584DBF4009FF108 /* Main.storyboard in Resources */ = {isa = PBXBuildFile; fileRef = 6491AC8F2584DBF4009FF108 /* Main.storyboard */; };
		6491AC932584DBFA009FF108 /* Assets.xcassets in Resources */ = {isa = PBXBuildFile; fileRef = 6491AC922584DBFA009FF108 /* Assets.xcassets */; };
		6491AC962584DBFA009FF108 /* LaunchScreen.storyboard in Resources */ = {isa = PBXBuildFile; fileRef = 6491AC942584DBFA009FF108 /* LaunchScreen.storyboard */; };
		6491ACA12584DBFB009FF108 /* Betting_SystemTests.swift in Sources */ = {isa = PBXBuildFile; fileRef = 6491ACA02584DBFB009FF108 /* Betting_SystemTests.swift */; };
		6491ACAC2584DBFB009FF108 /* Betting_SystemUITests.swift in Sources */ = {isa = PBXBuildFile; fileRef = 6491ACAB2584DBFB009FF108 /* Betting_SystemUITests.swift */; };
/* End PBXBuildFile section */

/* Begin PBXContainerItemProxy section */
		6491AC9D2584DBFB009FF108 /* PBXContainerItemProxy */ = {
			isa = PBXContainerItemProxy;
			containerPortal = 6491AC7E2584DBF4009FF108 /* Project object */;
			proxyType = 1;
			remoteGlobalIDString = 6491AC852584DBF4009FF108;
			remoteInfo = "Betting System";
		};
		6491ACA82584DBFB009FF108 /* PBXContainerItemProxy */ = {
			isa = PBXContainerItemProxy;
			containerPortal = 6491AC7E2584DBF4009FF108 /* Project object */;
			proxyType = 1;
			remoteGlobalIDString = 6491AC852584DBF4009FF108;
			remoteInfo = "Betting System";
		};
/* End PBXContainerItemProxy section */

/* Begin PBXFileReference section */
		6491AC862584DBF4009FF108 /* Betting System.app */ = {isa = PBXFileReference; explicitFileType = wrapper.application; includeInIndex = 0; path = "Betting System.app"; sourceTree = BUILT_PRODUCTS_DIR; };
		6491AC892584DBF4009FF108 /* AppDelegate.swift */ = {isa = PBXFileReference; lastKnownFileType = sourcecode.swift; path = AppDelegate.swift; sourceTree = "<group>"; };
		6491AC8B2584DBF4009FF108 /* SceneDelegate.swift */ = {isa = PBXFileReference; lastKnownFileType = sourcecode.swift; path = SceneDelegate.swift; sourceTree = "<group>"; };
		6491AC8D2584DBF4009FF108 /* ViewController.swift */ = {isa = PBXFileReference; lastKnownFileType = sourcecode.swift; path = ViewController.swift; sourceTree = "<group>"; };
		6491AC902584DBF4009FF108 /* Base */ = {isa = PBXFileReference; lastKnownFileType = file.storyboard; name = Base; path = Base.lproj/Main.storyboard; sourceTree = "<group>"; };
		6491AC922584DBFA009FF108 /* Assets.xcassets */ = {isa = PBXFileReference; lastKnownFileType = folder.assetcatalog; path = Assets.xcassets; sourceTree = "<group>"; };
		6491AC952584DBFA009FF108 /* Base */ = {isa = PBXFileReference; lastKnownFileType = file.storyboard; name = Base; path = Base.lproj/LaunchScreen.storyboard; sourceTree = "<group>"; };
		6491AC972584DBFA009FF108 /* Info.plist */ = {isa = PBXFileReference; lastKnownFileType = text.plist.xml; path = Info.plist; sourceTree = "<group>"; };
		6491AC9C2584DBFB009FF108 /* Betting SystemTests.xctest */ = {isa = PBXFileReference; explicitFileType = wrapper.cfbundle; includeInIndex = 0; path = "Betting SystemTests.xctest"; sourceTree = BUILT_PRODUCTS_DIR; };
		6491ACA02584DBFB009FF108 /* Betting_SystemTests.swift */ = {isa = PBXFileReference; lastKnownFileType = sourcecode.swift; path = Betting_SystemTests.swift; sourceTree = "<group>"; };
		6491ACA22584DBFB009FF108 /* Info.plist */ = {isa = PBXFileReference; lastKnownFileType = text.plist.xml; path = Info.plist; sourceTree = "<group>"; };
		6491ACA72584DBFB009FF108 /* Betting SystemUITests.xctest */ = {isa = PBXFileReference; explicitFileType = wrapper.cfbundle; includeInIndex = 0; path = "Betting SystemUITests.xctest"; sourceTree = BUILT_PRODUCTS_DIR; };
		6491ACAB2584DBFB009FF108 /* Betting_SystemUITests.swift */ = {isa = PBXFileReference; lastKnownFileType = sourcecode.swift; path = Betting_SystemUITests.swift; sourceTree = "<group>"; };
		6491ACAD2584DBFB009FF108 /* Info.plist */ = {isa = PBXFileReference; lastKnownFileType = text.plist.xml; path = Info.plist; sourceTree = "<group>"; };
/* End PBXFileReference section */

/* Begin PBXFrameworksBuildPhase section */
		6491AC832584DBF4009FF108 /* Frameworks */ = {
			isa = PBXFrameworksBuildPhase;
			buildActionMask = 2147483647;
			files = (
			);
			runOnlyForDeploymentPostprocessing = 0;
		};
		6491AC992584DBFB009FF108 /* Frameworks */ = {
			isa = PBXFrameworksBuildPhase;
			buildActionMask = 2147483647;
			files = (
			);
			runOnlyForDeploymentPostprocessing = 0;
		};
		6491ACA42584DBFB009FF108 /* Frameworks */ = {
			isa = PBXFrameworksBuildPhase;
			buildActionMask = 2147483647;
			files = (
			);
			runOnlyForDeploymentPostprocessing = 0;
		};
/* End PBXFrameworksBuildPhase section */

/* Begin PBXGroup section */
		6491AC7D2584DBF4009FF108 = {
			isa = PBXGroup;
			children = (
				6491AC882584DBF4009FF108 /* Betting System */,
				6491AC9F2584DBFB009FF108 /* Betting SystemTests */,
				6491ACAA2584DBFB009FF108 /* Betting SystemUITests */,
				6491AC872584DBF4009FF108 /* Products */,
			);
			sourceTree = "<group>";
		};
		6491AC872584DBF4009FF108 /* Products */ = {
			isa = PBXGroup;
			children = (
				6491AC862584DBF4009FF108 /* Betting System.app */,
				6491AC9C2584DBFB009FF108 /* Betting SystemTests.xctest */,
				6491ACA72584DBFB009FF108 /* Betting SystemUITests.xctest */,
			);
			name = Products;
			sourceTree = "<group>";
		};
		6491AC882584DBF4009FF108 /* Betting System */ = {
			isa = PBXGroup;
			children = (
				6491AC892584DBF4009FF108 /* AppDelegate.swift */,
				6491AC8B2584DBF4009FF108 /* SceneDelegate.swift */,
				6491AC8D2584DBF4009FF108 /* ViewController.swift */,
				6491AC8F2584DBF4009FF108 /* Main.storyboard */,
				6491AC922584DBFA009FF108 /* Assets.xcassets */,
				6491AC942584DBFA009FF108 /* LaunchScreen.storyboard */,
				6491AC972584DBFA009FF108 /* Info.plist */,
			);
			path = "Betting System";
			sourceTree = "<group>";
		};
		6491AC9F2584DBFB009FF108 /* Betting SystemTests */ = {
			isa = PBXGroup;
			children = (
				6491ACA02584DBFB009FF108 /* Betting_SystemTests.swift */,
				6491ACA22584DBFB009FF108 /* Info.plist */,
			);
			path = "Betting SystemTests";
			sourceTree = "<group>";
		};
		6491ACAA2584DBFB009FF108 /* Betting SystemUITests */ = {
			isa = PBXGroup;
			children = (
				6491ACAB2584DBFB009FF108 /* Betting_SystemUITests.swift */,
				6491ACAD2584DBFB009FF108 /* Info.plist */,
			);
			path = "Betting SystemUITests";
			sourceTree = "<group>";
		};
/* End PBXGroup section */

/* Begin PBXNativeTarget section */
		6491AC852584DBF4009FF108 /* Betting System */ = {
			isa = PBXNativeTarget;
			buildConfigurationList = 6491ACB02584DBFB009FF108 /* Build configuration list for PBXNativeTarget "Betting System" */;
			buildPhases = (
				6491AC822584DBF4009FF108 /* Sources */,
				6491AC832584DBF4009FF108 /* Frameworks */,
				6491AC842584DBF4009FF108 /* Resources */,
			);
			buildRules = (
			);
			dependencies = (
			);
			name = "Betting System";
			productName = "Betting System";
			productReference = 6491AC862584DBF4009FF108 /* Betting System.app */;
			productType = "com.apple.product-type.application";
		};
		6491AC9B2584DBFB009FF108 /* Betting SystemTests */ = {
			isa = PBXNativeTarget;
			buildConfigurationList = 6491ACB32584DBFB009FF108 /* Build configuration list for PBXNativeTarget "Betting SystemTests" */;
			buildPhases = (
				6491AC982584DBFB009FF108 /* Sources */,
				6491AC992584DBFB009FF108 /* Frameworks */,
				6491AC9A2584DBFB009FF108 /* Resources */,
			);
			buildRules = (
			);
			dependencies = (
				6491AC9E2584DBFB009FF108 /* PBXTargetDependency */,
			);
			name = "Betting SystemTests";
			productName = "Betting SystemTests";
			productReference = 6491AC9C2584DBFB009FF108 /* Betting SystemTests.xctest */;
			productType = "com.apple.product-type.bundle.unit-test";
		};
		6491ACA62584DBFB009FF108 /* Betting SystemUITests */ = {
			isa = PBXNativeTarget;
			buildConfigurationList = 6491ACB62584DBFB009FF108 /* Build configuration list for PBXNativeTarget "Betting SystemUITests" */;
			buildPhases = (
				6491ACA32584DBFB009FF108 /* Sources */,
				6491ACA42584DBFB009FF108 /* Frameworks */,
				6491ACA52584DBFB009FF108 /* Resources */,
			);
			buildRules = (
			);
			dependencies = (
				6491ACA92584DBFB009FF108 /* PBXTargetDependency */,
			);
			name = "Betting SystemUITests";
			productName = "Betting SystemUITests";
			productReference = 6491ACA72584DBFB009FF108 /* Betting SystemUITests.xctest */;
			productType = "com.apple.product-type.bundle.ui-testing";
		};
/* End PBXNativeTarget section */

/* Begin PBXProject section */
		6491AC7E2584DBF4009FF108 /* Project object */ = {
			isa = PBXProject;
			attributes = {
				LastSwiftUpdateCheck = 1220;
				LastUpgradeCheck = 1220;
				TargetAttributes = {
					6491AC852584DBF4009FF108 = {
						CreatedOnToolsVersion = 12.2;
					};
					6491AC9B2584DBFB009FF108 = {
						CreatedOnToolsVersion = 12.2;
						TestTargetID = 6491AC852584DBF4009FF108;
					};
					6491ACA62584DBFB009FF108 = {
						CreatedOnToolsVersion = 12.2;
						TestTargetID = 6491AC852584DBF4009FF108;
					};
				};
			};
			buildConfigurationList = 6491AC812584DBF4009FF108 /* Build configuration list for PBXProject "Betting System" */;
			compatibilityVersion = "Xcode 9.3";
			developmentRegion = en;
			hasScannedForEncodings = 0;
			knownRegions = (
				en,
				Base,
			);
			mainGroup = 6491AC7D2584DBF4009FF108;
			productRefGroup = 6491AC872584DBF4009FF108 /* Products */;
			projectDirPath = "";
			projectRoot = "";
			targets = (
				6491AC852584DBF4009FF108 /* Betting System */,
				6491AC9B2584DBFB009FF108 /* Betting SystemTests */,
				6491ACA62584DBFB009FF108 /* Betting SystemUITests */,
			);
		};
/* End PBXProject section */

/* Begin PBXResourcesBuildPhase section */
		6491AC842584DBF4009FF108 /* Resources */ = {
			isa = PBXResourcesBuildPhase;
			buildActionMask = 2147483647;
			files = (
				6491AC962584DBFA009FF108 /* LaunchScreen.storyboard in Resources */,
				6491AC932584DBFA009FF108 /* Assets.xcassets in Resources */,
				6491AC912584DBF4009FF108 /* Main.storyboard in Resources */,
			);
			runOnlyForDeploymentPostprocessing = 0;
		};
		6491AC9A2584DBFB009FF108 /* Resources */ = {
			isa = PBXResourcesBuildPhase;
			buildActionMask = 2147483647;
			files = (
			);
			runOnlyForDeploymentPostprocessing = 0;
		};
		6491ACA52584DBFB009FF108 /* Resources */ = {
			isa = PBXResourcesBuildPhase;
			buildActionMask = 2147483647;
			files = (
			);
			runOnlyForDeploymentPostprocessing = 0;
		};
/* End PBXResourcesBuildPhase section */

/* Begin PBXSourcesBuildPhase section */
		6491AC822584DBF4009FF108 /* Sources */ = {
			isa = PBXSourcesBuildPhase;
			buildActionMask = 2147483647;
			files = (
				6491AC8E2584DBF4009FF108 /* ViewController.swift in Sources */,
				6491AC8A2584DBF4009FF108 /* AppDelegate.swift in Sources */,
				6491AC8C2584DBF4009FF108 /* SceneDelegate.swift in Sources */,
			);
			runOnlyForDeploymentPostprocessing = 0;
		};
		6491AC982584DBFB009FF108 /* Sources */ = {
			isa = PBXSourcesBuildPhase;
			buildActionMask = 2147483647;
			files = (
				6491ACA12584DBFB009FF108 /* Betting_SystemTests.swift in Sources */,
			);
			runOnlyForDeploymentPostprocessing = 0;
		};
		6491ACA32584DBFB009FF108 /* Sources */ = {
			isa = PBXSourcesBuildPhase;
			buildActionMask = 2147483647;
			files = (
				6491ACAC2584DBFB009FF108 /* Betting_SystemUITests.swift in Sources */,
			);
			runOnlyForDeploymentPostprocessing = 0;
		};
/* End PBXSourcesBuildPhase section */

/* Begin PBXTargetDependency section */
		6491AC9E2584DBFB009FF108 /* PBXTargetDependency */ = {
			isa = PBXTargetDependency;
			target = 6491AC852584DBF4009FF108 /* Betting System */;
			targetProxy = 6491AC9D2584DBFB009FF108 /* PBXContainerItemProxy */;
		};
		6491ACA92584DBFB009FF108 /* PBXTargetDependency */ = {
			isa = PBXTargetDependency;
			target = 6491AC852584DBF4009FF108 /* Betting System */;
			targetProxy = 6491ACA82584DBFB009FF108 /* PBXContainerItemProxy */;
		};
/* End PBXTargetDependency section */

/* Begin PBXVariantGroup section */
		6491AC8F2584DBF4009FF108 /* Main.storyboard */ = {
			isa = PBXVariantGroup;
			children = (
				6491AC902584DBF4009FF108 /* Base */,
			);
			name = Main.storyboard;
			sourceTree = "<group>";
		};
		6491AC942584DBFA009FF108 /* LaunchScreen.storyboard */ = {
			isa = PBXVariantGroup;
			children = (
				6491AC952584DBFA009FF108 /* Base */,
			);
			name = LaunchScreen.storyboard;
			sourceTree = "<group>";
		};
/* End PBXVariantGroup section */

/* Begin XCBuildConfiguration section */
		6491ACAE2584DBFB009FF108 /* Debug */ = {
			isa = XCBuildConfiguration;
			buildSettings = {
				ALWAYS_SEARCH_USER_PATHS = NO;
				CLANG_ANALYZER_NONNULL = YES;
				CLANG_ANALYZER_NUMBER_OBJECT_CONVERSION = YES_AGGRESSIVE;
				CLANG_CXX_LANGUAGE_STANDARD = "gnu++14";
				CLANG_CXX_LIBRARY = "libc++";
				CLANG_ENABLE_MODULES = YES;
				CLANG_ENABLE_OBJC_ARC = YES;
				CLANG_ENABLE_OBJC_WEAK = YES;
				CLANG_WARN_BLOCK_CAPTURE_AUTORELEASING = YES;
				CLANG_WARN_BOOL_CONVERSION = YES;
				CLANG_WARN_COMMA = YES;
				CLANG_WARN_CONSTANT_CONVERSION = YES;
				CLANG_WARN_DEPRECATED_OBJC_IMPLEMENTATIONS = YES;
				CLANG_WARN_DIRECT_OBJC_ISA_USAGE = YES_ERROR;
				CLANG_WARN_DOCUMENTATION_COMMENTS = YES;
				CLANG_WARN_EMPTY_BODY = YES;
				CLANG_WARN_ENUM_CONVERSION = YES;
				CLANG_WARN_INFINITE_RECURSION = YES;
				CLANG_WARN_INT_CONVERSION = YES;
				CLANG_WARN_NON_LITERAL_NULL_CONVERSION = YES;
				CLANG_WARN_OBJC_IMPLICIT_RETAIN_SELF = YES;
				CLANG_WARN_OBJC_LITERAL_CONVERSION = YES;
				CLANG_WARN_OBJC_ROOT_CLASS = YES_ERROR;
				CLANG_WARN_QUOTED_INCLUDE_IN_FRAMEWORK_HEADER = YES;
				CLANG_WARN_RANGE_LOOP_ANALYSIS = YES;
				CLANG_WARN_STRICT_PROTOTYPES = YES;
				CLANG_WARN_SUSPICIOUS_MOVE = YES;
				CLANG_WARN_UNGUARDED_AVAILABILITY = YES_AGGRESSIVE;
				CLANG_WARN_UNREACHABLE_CODE = YES;
				CLANG_WARN__DUPLICATE_METHOD_MATCH = YES;
				COPY_PHASE_STRIP = NO;
				DEBUG_INFORMATION_FORMAT = dwarf;
				ENABLE_STRICT_OBJC_MSGSEND = YES;
				ENABLE_TESTABILITY = YES;
				GCC_C_LANGUAGE_STANDARD = gnu11;
				GCC_DYNAMIC_NO_PIC = NO;
				GCC_NO_COMMON_BLOCKS = YES;
				GCC_OPTIMIZATION_LEVEL = 0;
				GCC_PREPROCESSOR_DEFINITIONS = (
					"DEBUG=1",
					"$(inherited)",
				);
				GCC_WARN_64_TO_32_BIT_CONVERSION = YES;
				GCC_WARN_ABOUT_RETURN_TYPE = YES_ERROR;
				GCC_WARN_UNDECLARED_SELECTOR = YES;
				GCC_WARN_UNINITIALIZED_AUTOS = YES_AGGRESSIVE;
				GCC_WARN_UNUSED_FUNCTION = YES;
				GCC_WARN_UNUSED_VARIABLE = YES;
				IPHONEOS_DEPLOYMENT_TARGET = 14.2;
				MTL_ENABLE_DEBUG_INFO = INCLUDE_SOURCE;
				MTL_FAST_MATH = YES;
				ONLY_ACTIVE_ARCH = YES;
				SDKROOT = iphoneos;
				SWIFT_ACTIVE_COMPILATION_CONDITIONS = DEBUG;
				SWIFT_OPTIMIZATION_LEVEL = "-Onone";
			};
			name = Debug;
		};
		6491ACAF2584DBFB009FF108 /* Release */ = {
			isa = XCBuildConfiguration;
			buildSettings = {
				ALWAYS_SEARCH_USER_PATHS = NO;
				CLANG_ANALYZER_NONNULL = YES;
				CLANG_ANALYZER_NUMBER_OBJECT_CONVERSION = YES_AGGRESSIVE;
				CLANG_CXX_LANGUAGE_STANDARD = "gnu++14";
				CLANG_CXX_LIBRARY = "libc++";
				CLANG_ENABLE_MODULES = YES;
				CLANG_ENABLE_OBJC_ARC = YES;
				CLANG_ENABLE_OBJC_WEAK = YES;
				CLANG_WARN_BLOCK_CAPTURE_AUTORELEASING = YES;
				CLANG_WARN_BOOL_CONVERSION = YES;
				CLANG_WARN_COMMA = YES;
				CLANG_WARN_CONSTANT_CONVERSION = YES;
				CLANG_WARN_DEPRECATED_OBJC_IMPLEMENTATIONS = YES;
				CLANG_WARN_DIRECT_OBJC_ISA_USAGE = YES_ERROR;
				CLANG_WARN_DOCUMENTATION_COMMENTS = YES;
				CLANG_WARN_EMPTY_BODY = YES;
				CLANG_WARN_ENUM_CONVERSION = YES;
				CLANG_WARN_INFINITE_RECURSION = YES;
				CLANG_WARN_INT_CONVERSION = YES;
				CLANG_WARN_NON_LITERAL_NULL_CONVERSION = YES;
				CLANG_WARN_OBJC_IMPLICIT_RETAIN_SELF = YES;
				CLANG_WARN_OBJC_LITERAL_CONVERSION = YES;
				CLANG_WARN_OBJC_ROOT_CLASS = YES_ERROR;
				CLANG_WARN_QUOTED_INCLUDE_IN_FRAMEWORK_HEADER = YES;
				CLANG_WARN_RANGE_LOOP_ANALYSIS = YES;
				CLANG_WARN_STRICT_PROTOTYPES = YES;
				CLANG_WARN_SUSPICIOUS_MOVE = YES;
				CLANG_WARN_UNGUARDED_AVAILABILITY = YES_AGGRESSIVE;
				CLANG_WARN_UNREACHABLE_CODE = YES;
				CLANG_WARN__DUPLICATE_METHOD_MATCH = YES;
				COPY_PHASE_STRIP = NO;
				DEBUG_INFORMATION_FORMAT = "dwarf-with-dsym";
				ENABLE_NS_ASSERTIONS = NO;
				ENABLE_STRICT_OBJC_MSGSEND = YES;
				GCC_C_LANGUAGE_STANDARD = gnu11;
				GCC_NO_COMMON_BLOCKS = YES;
				GCC_WARN_64_TO_32_BIT_CONVERSION = YES;
				GCC_WARN_ABOUT_RETURN_TYPE = YES_ERROR;
				GCC_WARN_UNDECLARED_SELECTOR = YES;
				GCC_WARN_UNINITIALIZED_AUTOS = YES_AGGRESSIVE;
				GCC_WARN_UNUSED_FUNCTION = YES;
				GCC_WARN_UNUSED_VARIABLE = YES;
				IPHONEOS_DEPLOYMENT_TARGET = 14.2;
				MTL_ENABLE_DEBUG_INFO = NO;
				MTL_FAST_MATH = YES;
				SDKROOT = iphoneos;
				SWIFT_COMPILATION_MODE = wholemodule;
				SWIFT_OPTIMIZATION_LEVEL = "-O";
				VALIDATE_PRODUCT = YES;
			};
			name = Release;
		};
		6491ACB12584DBFB009FF108 /* Debug */ = {
			isa = XCBuildConfiguration;
			buildSettings = {
				ASSETCATALOG_COMPILER_APPICON_NAME = AppIcon;
				ASSETCATALOG_COMPILER_GLOBAL_ACCENT_COLOR_NAME = AccentColor;
				CODE_SIGN_STYLE = Automatic;
				DEVELOPMENT_TEAM = 627MATR572;
				INFOPLIST_FILE = "Betting System/Info.plist";
				IPHONEOS_DEPLOYMENT_TARGET = 14.2;
				LD_RUNPATH_SEARCH_PATHS = (
					"$(inherited)",
					"@executable_path/Frameworks",
				);
				PRODUCT_BUNDLE_IDENTIFIER = "Happy-Tech.Betting-System";
				PRODUCT_NAME = "$(TARGET_NAME)";
				SWIFT_VERSION = 5.0;
				TARGETED_DEVICE_FAMILY = 1;
			};
			name = Debug;
		};
		6491ACB22584DBFB009FF108 /* Release */ = {
			isa = XCBuildConfiguration;
			buildSettings = {
				ASSETCATALOG_COMPILER_APPICON_NAME = AppIcon;
				ASSETCATALOG_COMPILER_GLOBAL_ACCENT_COLOR_NAME = AccentColor;
				CODE_SIGN_STYLE = Automatic;
				DEVELOPMENT_TEAM = 627MATR572;
				INFOPLIST_FILE = "Betting System/Info.plist";
				IPHONEOS_DEPLOYMENT_TARGET = 14.2;
				LD_RUNPATH_SEARCH_PATHS = (
					"$(inherited)",
					"@executable_path/Frameworks",
				);
				PRODUCT_BUNDLE_IDENTIFIER = "Happy-Tech.Betting-System";
				PRODUCT_NAME = "$(TARGET_NAME)";
				SWIFT_VERSION = 5.0;
				TARGETED_DEVICE_FAMILY = 1;
			};
			name = Release;
		};
		6491ACB42584DBFB009FF108 /* Debug */ = {
			isa = XCBuildConfiguration;
			buildSettings = {
				ALWAYS_EMBED_SWIFT_STANDARD_LIBRARIES = YES;
				BUNDLE_LOADER = "$(TEST_HOST)";
				CODE_SIGN_STYLE = Automatic;
				DEVELOPMENT_TEAM = 627MATR572;
				INFOPLIST_FILE = "Betting SystemTests/Info.plist";
				IPHONEOS_DEPLOYMENT_TARGET = 14.2;
				LD_RUNPATH_SEARCH_PATHS = (
					"$(inherited)",
					"@executable_path/Frameworks",
					"@loader_path/Frameworks",
				);
				PRODUCT_BUNDLE_IDENTIFIER = "Happy-Tech.Betting-SystemTests";
				PRODUCT_NAME = "$(TARGET_NAME)";
				SWIFT_VERSION = 5.0;
				TARGETED_DEVICE_FAMILY = "1,2";
				TEST_HOST = "$(BUILT_PRODUCTS_DIR)/Betting System.app/Betting System";
			};
			name = Debug;
		};
		6491ACB52584DBFB009FF108 /* Release */ = {
			isa = XCBuildConfiguration;
			buildSettings = {
				ALWAYS_EMBED_SWIFT_STANDARD_LIBRARIES = YES;
				BUNDLE_LOADER = "$(TEST_HOST)";
				CODE_SIGN_STYLE = Automatic;
				DEVELOPMENT_TEAM = 627MATR572;
				INFOPLIST_FILE = "Betting SystemTests/Info.plist";
				IPHONEOS_DEPLOYMENT_TARGET = 14.2;
				LD_RUNPATH_SEARCH_PATHS = (
					"$(inherited)",
					"@executable_path/Frameworks",
					"@loader_path/Frameworks",
				);
				PRODUCT_BUNDLE_IDENTIFIER = "Happy-Tech.Betting-SystemTests";
				PRODUCT_NAME = "$(TARGET_NAME)";
				SWIFT_VERSION = 5.0;
				TARGETED_DEVICE_FAMILY = "1,2";
				TEST_HOST = "$(BUILT_PRODUCTS_DIR)/Betting System.app/Betting System";
			};
			name = Release;
		};
		6491ACB72584DBFB009FF108 /* Debug */ = {
			isa = XCBuildConfiguration;
			buildSettings = {
				ALWAYS_EMBED_SWIFT_STANDARD_LIBRARIES = YES;
				CODE_SIGN_STYLE = Automatic;
				DEVELOPMENT_TEAM = 627MATR572;
				INFOPLIST_FILE = "Betting SystemUITests/Info.plist";
				LD_RUNPATH_SEARCH_PATHS = (
					"$(inherited)",
					"@executable_path/Frameworks",
					"@loader_path/Frameworks",
				);
				PRODUCT_BUNDLE_IDENTIFIER = "Happy-Tech.Betting-SystemUITests";
				PRODUCT_NAME = "$(TARGET_NAME)";
				SWIFT_VERSION = 5.0;
				TARGETED_DEVICE_FAMILY = "1,2";
				TEST_TARGET_NAME = "Betting System";
			};
			name = Debug;
		};
		6491ACB82584DBFB009FF108 /* Release */ = {
			isa = XCBuildConfiguration;
			buildSettings = {
				ALWAYS_EMBED_SWIFT_STANDARD_LIBRARIES = YES;
				CODE_SIGN_STYLE = Automatic;
				DEVELOPMENT_TEAM = 627MATR572;
				INFOPLIST_FILE = "Betting SystemUITests/Info.plist";
				LD_RUNPATH_SEARCH_PATHS = (
					"$(inherited)",
					"@executable_path/Frameworks",
					"@loader_path/Frameworks",
				);
				PRODUCT_BUNDLE_IDENTIFIER = "Happy-Tech.Betting-SystemUITests";
				PRODUCT_NAME = "$(TARGET_NAME)";
				SWIFT_VERSION = 5.0;
				TARGETED_DEVICE_FAMILY = "1,2";
				TEST_TARGET_NAME = "Betting System";
			};
			name = Release;
		};
/* End XCBuildConfiguration section */

/* Begin XCConfigurationList section */
		6491AC812584DBF4009FF108 /* Build configuration list for PBXProject "Betting System" */ = {
			isa = XCConfigurationList;
			buildConfigurations = (
				6491ACAE2584DBFB009FF108 /* Debug */,
				6491ACAF2584DBFB009FF108 /* Release */,
			);
			defaultConfigurationIsVisible = 0;
			defaultConfigurationName = Release;
		};
		6491ACB02584DBFB009FF108 /* Build configuration list for PBXNativeTarget "Betting System" */ = {
			isa = XCConfigurationList;
			buildConfigurations = (
				6491ACB12584DBFB009FF108 /* Debug */,
				6491ACB22584DBFB009FF108 /* Release */,
			);
			defaultConfigurationIsVisible = 0;
			defaultConfigurationName = Release;
		};
		6491ACB32584DBFB009FF108 /* Build configuration list for PBXNativeTarget "Betting SystemTests" */ = {
			isa = XCConfigurationList;
			buildConfigurations = (
				6491ACB42584DBFB009FF108 /* Debug */,
				6491ACB52584DBFB009FF108 /* Release */,
			);
			defaultConfigurationIsVisible = 0;
			defaultConfigurationName = Release;
		};
		6491ACB62584DBFB009FF108 /* Build configuration list for PBXNativeTarget "Betting SystemUITests" */ = {
			isa = XCConfigurationList;
			buildConfigurations = (
				6491ACB72584DBFB009FF108 /* Debug */,
				6491ACB82584DBFB009FF108 /* Release */,
			);
			defaultConfigurationIsVisible = 0;
			defaultConfigurationName = Release;
		};
/* End XCConfigurationList section */
	};
	rootObject = 6491AC7E2584DBF4009FF108 /* Project object */;
}
